
Microsoft Visual Studio Solution File, Format Version 12.00
# Visual Studio Version 17
VisualStudioVersion = 17.5.002.0
MinimumVisualStudioVersion = 10.0.40219.1
Project("{9A19103F-16F7-4668-BE54-9A1E7A4F7556}") = "fundationalcsharp-dotnet", "fundationalcsharp-dotnet.csproj", "{35A64231-3DE2-455D-8916-A58B79A45A4F}"
EndProject
Global
	GlobalSection(SolutionConfigurationPlatforms) = preSolution
		Debug|Any CPU = Debug|Any CPU
		Release|Any CPU = Release|Any CPU
	EndGlobalSection
	GlobalSection(ProjectConfigurationPlatforms) = postSolution
		{35A64231-3DE2-455D-8916-A58B79A45A4F}.Debug|Any CPU.ActiveCfg = Debug|Any CPU
		{35A64231-3DE2-455D-8916-A58B79A45A4F}.Debug|Any CPU.Build.0 = Debug|Any CPU
		{35A64231-3DE2-455D-8916-A58B79A45A4F}.Release|Any CPU.ActiveCfg = Release|Any CPU
		{35A64231-3DE2-455D-8916-A58B79A45A4F}.Release|Any CPU.Build.0 = Release|Any CPU
	EndGlobalSection
	GlobalSection(SolutionProperties) = preSolution
		HideSolutionNode = FALSE
	EndGlobalSection
	GlobalSection(ExtensibilityGlobals) = postSolution
		SolutionGuid = {D4E11CF2-FF3D-4BCF-B5B5-E158DF8CE408}
	EndGlobalSection
EndGlobal
